
Microsoft Visual Studio Solution File, Format Version 12.00
# Visual Studio Version 17
VisualStudioVersion = 17.10.35122.118
MinimumVisualStudioVersion = 10.0.40219.1
Project("{FAE04EC0-301F-11D3-BF4B-00C04F79EFBC}") = "Basic Loops", "Basic Loops.csproj", "{E5063D08-63EF-42DB-BDBB-761F9E38C549}"
EndProject
Global
	GlobalSection(SolutionConfigurationPlatforms) = preSolution
		Debug|Any CPU = Debug|Any CPU
		Release|Any CPU = Release|Any CPU
	EndGlobalSection
	GlobalSection(ProjectConfigurationPlatforms) = postSolution
		{E5063D08-63EF-42DB-BDBB-761F9E38C549}.Debug|Any CPU.ActiveCfg = Debug|Any CPU
		{E5063D08-63EF-42DB-BDBB-761F9E38C549}.Debug|Any CPU.Build.0 = Debug|Any CPU
		{E5063D08-63EF-42DB-BDBB-761F9E38C549}.Release|Any CPU.ActiveCfg = Release|Any CPU
		{E5063D08-63EF-42DB-BDBB-761F9E38C549}.Release|Any CPU.Build.0 = Release|Any CPU
	EndGlobalSection
	GlobalSection(SolutionProperties) = preSolution
		HideSolutionNode = FALSE
	EndGlobalSection
	GlobalSection(ExtensibilityGlobals) = postSolution
		SolutionGuid = {4B1D9574-ADF6-4246-961E-1D4AFB875A1B}
	EndGlobalSection
EndGlobal
